
Microsoft Visual Studio Solution File, Format Version 12.00
# Visual Studio Version 16
VisualStudioVersion = 16.0.31229.75
MinimumVisualStudioVersion = 10.0.40219.1
Project("{FAE04EC0-301F-11D3-BF4B-00C04F79EFBC}") = "AWBW", "AWBW\AWBW.csproj", "{4F16AE0A-A48E-4374-8403-2F063320AC12}"
EndProject
Global
	GlobalSection(SolutionConfigurationPlatforms) = preSolution
		Debug|Any CPU = Debug|Any CPU
		Release|Any CPU = Release|Any CPU
	EndGlobalSection
	GlobalSection(ProjectConfigurationPlatforms) = postSolution
		{4F16AE0A-A48E-4374-8403-2F063320AC12}.Debug|Any CPU.ActiveCfg = Debug|Any CPU
		{4F16AE0A-A48E-4374-8403-2F063320AC12}.Debug|Any CPU.Build.0 = Debug|Any CPU
		{4F16AE0A-A48E-4374-8403-2F063320AC12}.Release|Any CPU.ActiveCfg = Release|Any CPU
		{4F16AE0A-A48E-4374-8403-2F063320AC12}.Release|Any CPU.Build.0 = Release|Any CPU
	EndGlobalSection
	GlobalSection(SolutionProperties) = preSolution
		HideSolutionNode = FALSE
	EndGlobalSection
	GlobalSection(ExtensibilityGlobals) = postSolution
		SolutionGuid = {FAE63DA4-5451-4E14-8B93-690DD121B26F}
	EndGlobalSection
EndGlobal
